// !$*UTF8*$!
{
	archiveVersion = 1;
	classes = {
	};
	objectVersion = 50;
	objects = {

/* Begin PBXBuildFile section */
		40B302432158BD3E0054FFB8 /* MenuManagerViewController.swift in Sources */ = {isa = PBXBuildFile; fileRef = 40B302422158BD3E0054FFB8 /* MenuManagerViewController.swift */; };
		40B302452158D5D80054FFB8 /* EditProductViewController.swift in Sources */ = {isa = PBXBuildFile; fileRef = 40B302442158D5D80054FFB8 /* EditProductViewController.swift */; };
		732B03EA2B58877EEBE0DFA3 /* Pods_FurgonetaUITests.framework in Frameworks */ = {isa = PBXBuildFile; fileRef = E1ADEF5C34ECD10F9ADA4904 /* Pods_FurgonetaUITests.framework */; };
		A09572C6E218D05179751C36 /* Pods_FurgonetaTests.framework in Frameworks */ = {isa = PBXBuildFile; fileRef = DC279F4B499C07345E042AB4 /* Pods_FurgonetaTests.framework */; };
		AB6C6D02B509E41CA06147D9 /* Pods_Furgoneta.framework in Frameworks */ = {isa = PBXBuildFile; fileRef = 43B742989BB2A291FD5317AB /* Pods_Furgoneta.framework */; };
		DA0F680421578D7700D31267 /* TodaysDocumentsViewController.swift in Sources */ = {isa = PBXBuildFile; fileRef = DA0F680321578D7700D31267 /* TodaysDocumentsViewController.swift */; };
		DA0F68062157AB6B00D31267 /* TodayDocumentsTableViewCell.swift in Sources */ = {isa = PBXBuildFile; fileRef = DA0F68052157AB6B00D31267 /* TodayDocumentsTableViewCell.swift */; };
		DA0F680A2157D74B00D31267 /* ManagerAddProductsTableViewController.swift in Sources */ = {isa = PBXBuildFile; fileRef = DA0F68092157D74B00D31267 /* ManagerAddProductsTableViewController.swift */; };
		DA0F680C2157D77A00D31267 /* ManagerAddProductsTableViewCell.swift in Sources */ = {isa = PBXBuildFile; fileRef = DA0F680B2157D77A00D31267 /* ManagerAddProductsTableViewCell.swift */; };
		DA1D5E342142670700D7E787 /* AppDelegate.swift in Sources */ = {isa = PBXBuildFile; fileRef = DA1D5E332142670700D7E787 /* AppDelegate.swift */; };
		DA1D5E362142670700D7E787 /* MainViewController.swift in Sources */ = {isa = PBXBuildFile; fileRef = DA1D5E352142670700D7E787 /* MainViewController.swift */; };
		DA1D5E392142670700D7E787 /* Main.storyboard in Resources */ = {isa = PBXBuildFile; fileRef = DA1D5E372142670700D7E787 /* Main.storyboard */; };
		DA1D5E3B2142670800D7E787 /* Assets.xcassets in Resources */ = {isa = PBXBuildFile; fileRef = DA1D5E3A2142670800D7E787 /* Assets.xcassets */; };
		DA1D5E3E2142670800D7E787 /* LaunchScreen.storyboard in Resources */ = {isa = PBXBuildFile; fileRef = DA1D5E3C2142670800D7E787 /* LaunchScreen.storyboard */; };
		DA1D5E492142670900D7E787 /* FurgonetaTests.swift in Sources */ = {isa = PBXBuildFile; fileRef = DA1D5E482142670900D7E787 /* FurgonetaTests.swift */; };
		DA1D5E542142670900D7E787 /* FurgonetaUITests.swift in Sources */ = {isa = PBXBuildFile; fileRef = DA1D5E532142670900D7E787 /* FurgonetaUITests.swift */; };
		DA1D5E6321428F2600D7E787 /* DesignableUItextField.swift in Sources */ = {isa = PBXBuildFile; fileRef = DA1D5E6221428F2600D7E787 /* DesignableUItextField.swift */; };
		DA1D5E652143DAF800D7E787 /* Constants.swift in Sources */ = {isa = PBXBuildFile; fileRef = DA1D5E642143DAF800D7E787 /* Constants.swift */; };
		DA1D5E682144FB0C00D7E787 /* MenuAdminViewController.swift in Sources */ = {isa = PBXBuildFile; fileRef = DA1D5E672144FB0C00D7E787 /* MenuAdminViewController.swift */; };
		DA1D5E6A214524FE00D7E787 /* AddLocationsTableViewController.swift in Sources */ = {isa = PBXBuildFile; fileRef = DA1D5E69214524FE00D7E787 /* AddLocationsTableViewController.swift */; };
		DA1D5E6C2145399C00D7E787 /* AddProductsTableViewController.swift in Sources */ = {isa = PBXBuildFile; fileRef = DA1D5E6B2145399C00D7E787 /* AddProductsTableViewController.swift */; };
		DA1D5E6E21453D3E00D7E787 /* ProductTableViewCell.swift in Sources */ = {isa = PBXBuildFile; fileRef = DA1D5E6D21453D3E00D7E787 /* ProductTableViewCell.swift */; };
		DA1D5E7121454FA100D7E787 /* ProductModel.swift in Sources */ = {isa = PBXBuildFile; fileRef = DA1D5E7021454FA100D7E787 /* ProductModel.swift */; };
		DA1D5E7321457B9200D7E787 /* ProductModalViewController.swift in Sources */ = {isa = PBXBuildFile; fileRef = DA1D5E7221457B9200D7E787 /* ProductModalViewController.swift */; };
		DA3FA4A921614912002D961B /* SupplysDriverTableViewController.swift in Sources */ = {isa = PBXBuildFile; fileRef = DA3FA4A821614912002D961B /* SupplysDriverTableViewController.swift */; };
		DA3FA4AB216149A4002D961B /* SupplyTableViewCell.swift in Sources */ = {isa = PBXBuildFile; fileRef = DA3FA4AA216149A4002D961B /* SupplyTableViewCell.swift */; };
		DA522DCF21467B98007214D1 /* LocationTableViewCell.swift in Sources */ = {isa = PBXBuildFile; fileRef = DA522DCE21467B98007214D1 /* LocationTableViewCell.swift */; };
		DA522DD121467FB9007214D1 /* LocationModalViewController.swift in Sources */ = {isa = PBXBuildFile; fileRef = DA522DD021467FB9007214D1 /* LocationModalViewController.swift */; };
		DA522DD32146814A007214D1 /* LocationModel.swift in Sources */ = {isa = PBXBuildFile; fileRef = DA522DD22146814A007214D1 /* LocationModel.swift */; };
		DA522DD5214690B2007214D1 /* AddUsersTableViewController.swift in Sources */ = {isa = PBXBuildFile; fileRef = DA522DD4214690B2007214D1 /* AddUsersTableViewController.swift */; };
		DA522DD721469192007214D1 /* UserModel.swift in Sources */ = {isa = PBXBuildFile; fileRef = DA522DD621469192007214D1 /* UserModel.swift */; };
		DA522DD921469404007214D1 /* UserTableViewCell.swift in Sources */ = {isa = PBXBuildFile; fileRef = DA522DD821469404007214D1 /* UserTableViewCell.swift */; };
		DA522DDB2146A596007214D1 /* AddUserViewController.swift in Sources */ = {isa = PBXBuildFile; fileRef = DA522DDA2146A596007214D1 /* AddUserViewController.swift */; };
		DA522DDD21480CA1007214D1 /* PasswordToggleVisibilityView.swift in Sources */ = {isa = PBXBuildFile; fileRef = DA522DDC21480CA1007214D1 /* PasswordToggleVisibilityView.swift */; };
		DA522DDF21481319007214D1 /* HideShowPasswordTextField.swift in Sources */ = {isa = PBXBuildFile; fileRef = DA522DDE21481319007214D1 /* HideShowPasswordTextField.swift */; };
		DA522DE121484EA5007214D1 /* RoleModel.swift in Sources */ = {isa = PBXBuildFile; fileRef = DA522DE021484EA5007214D1 /* RoleModel.swift */; };
		DA685A942159261C0033DA51 /* EditConsumerProductViewController.swift in Sources */ = {isa = PBXBuildFile; fileRef = DA685A932159261C0033DA51 /* EditConsumerProductViewController.swift */; };
		DA685A96215A4D2F0033DA51 /* RequestData.swift in Sources */ = {isa = PBXBuildFile; fileRef = DA685A95215A4D2F0033DA51 /* RequestData.swift */; };
		DA685A98215A95A80033DA51 /* GoogleService-Info.plist in Resources */ = {isa = PBXBuildFile; fileRef = DA685A97215A95A80033DA51 /* GoogleService-Info.plist */; };
		DA6A1D6C214EDA3B007C145A /* AssignLocationTableViewController.swift in Sources */ = {isa = PBXBuildFile; fileRef = DA6A1D6B214EDA3B007C145A /* AssignLocationTableViewController.swift */; };
		DA6A1D6E214EDA68007C145A /* LocationToAssignTableViewCell.swift in Sources */ = {isa = PBXBuildFile; fileRef = DA6A1D6D214EDA68007C145A /* LocationToAssignTableViewCell.swift */; };
		DA9919802151867D00C27CD4 /* AllDocumentsTableViewController.swift in Sources */ = {isa = PBXBuildFile; fileRef = DA99197F2151867D00C27CD4 /* AllDocumentsTableViewController.swift */; };
		DA991982215186AF00C27CD4 /* HeaderTableViewCell.swift in Sources */ = {isa = PBXBuildFile; fileRef = DA991981215186AF00C27CD4 /* HeaderTableViewCell.swift */; };
		DA991984215186C500C27CD4 /* DocumentTableViewCell.swift in Sources */ = {isa = PBXBuildFile; fileRef = DA991983215186C500C27CD4 /* DocumentTableViewCell.swift */; };
		DA9919862152A14F00C27CD4 /* DocumentModel.swift in Sources */ = {isa = PBXBuildFile; fileRef = DA9919852152A14F00C27CD4 /* DocumentModel.swift */; };
		DA9919892152CACD00C27CD4 /* DocumentViewController.swift in Sources */ = {isa = PBXBuildFile; fileRef = DA9919882152CACD00C27CD4 /* DocumentViewController.swift */; };
		DA99198B2152CCEE00C27CD4 /* DetailDocumentTableViewCell.swift in Sources */ = {isa = PBXBuildFile; fileRef = DA99198A2152CCEE00C27CD4 /* DetailDocumentTableViewCell.swift */; };
		DA9919912152D5B500C27CD4 /* DocumentItem.swift in Sources */ = {isa = PBXBuildFile; fileRef = DA9919902152D5B500C27CD4 /* DocumentItem.swift */; };
		DA991993215506CF00C27CD4 /* EndDayViewController.swift in Sources */ = {isa = PBXBuildFile; fileRef = DA991992215506CF00C27CD4 /* EndDayViewController.swift */; };
		DA9919952155905000C27CD4 /* MonetaryViewController.swift in Sources */ = {isa = PBXBuildFile; fileRef = DA9919942155905000C27CD4 /* MonetaryViewController.swift */; };
		DA99199921565D0500C27CD4 /* MoneyModel.swift in Sources */ = {isa = PBXBuildFile; fileRef = DA99199821565D0500C27CD4 /* MoneyModel.swift */; };
		DAB2E584216E78D8000081A9 /* FCMData.swift in Sources */ = {isa = PBXBuildFile; fileRef = DAB2E583216E78D8000081A9 /* FCMData.swift */; };
/* End PBXBuildFile section */

/* Begin PBXContainerItemProxy section */
		DA1D5E452142670900D7E787 /* PBXContainerItemProxy */ = {
			isa = PBXContainerItemProxy;
			containerPortal = DA1D5E282142670700D7E787 /* Project object */;
			proxyType = 1;
			remoteGlobalIDString = DA1D5E2F2142670700D7E787;
			remoteInfo = Furgoneta;
		};
		DA1D5E502142670900D7E787 /* PBXContainerItemProxy */ = {
			isa = PBXContainerItemProxy;
			containerPortal = DA1D5E282142670700D7E787 /* Project object */;
			proxyType = 1;
			remoteGlobalIDString = DA1D5E2F2142670700D7E787;
			remoteInfo = Furgoneta;
		};
/* End PBXContainerItemProxy section */

/* Begin PBXFileReference section */
		40B302422158BD3E0054FFB8 /* MenuManagerViewController.swift */ = {isa = PBXFileReference; lastKnownFileType = sourcecode.swift; path = MenuManagerViewController.swift; sourceTree = "<group>"; };
		40B302442158D5D80054FFB8 /* EditProductViewController.swift */ = {isa = PBXFileReference; lastKnownFileType = sourcecode.swift; path = EditProductViewController.swift; sourceTree = "<group>"; };
		43B742989BB2A291FD5317AB /* Pods_Furgoneta.framework */ = {isa = PBXFileReference; explicitFileType = wrapper.framework; includeInIndex = 0; path = Pods_Furgoneta.framework; sourceTree = BUILT_PRODUCTS_DIR; };
		493B34AD24ACCB3C0B3C7546 /* Pods-FurgonetaTests.debug.xcconfig */ = {isa = PBXFileReference; includeInIndex = 1; lastKnownFileType = text.xcconfig; name = "Pods-FurgonetaTests.debug.xcconfig"; path = "Pods/Target Support Files/Pods-FurgonetaTests/Pods-FurgonetaTests.debug.xcconfig"; sourceTree = "<group>"; };
		77BAE4AE3026F6697A2F2479 /* Pods-Furgoneta.debug.xcconfig */ = {isa = PBXFileReference; includeInIndex = 1; lastKnownFileType = text.xcconfig; name = "Pods-Furgoneta.debug.xcconfig"; path = "Pods/Target Support Files/Pods-Furgoneta/Pods-Furgoneta.debug.xcconfig"; sourceTree = "<group>"; };
		8A4DC4CF294A4F8C69563351 /* Pods-FurgonetaUITests.debug.xcconfig */ = {isa = PBXFileReference; includeInIndex = 1; lastKnownFileType = text.xcconfig; name = "Pods-FurgonetaUITests.debug.xcconfig"; path = "Pods/Target Support Files/Pods-FurgonetaUITests/Pods-FurgonetaUITests.debug.xcconfig"; sourceTree = "<group>"; };
		94B0E301C37BDD03FA67AEB5 /* Pods-FurgonetaTests.release.xcconfig */ = {isa = PBXFileReference; includeInIndex = 1; lastKnownFileType = text.xcconfig; name = "Pods-FurgonetaTests.release.xcconfig"; path = "Pods/Target Support Files/Pods-FurgonetaTests/Pods-FurgonetaTests.release.xcconfig"; sourceTree = "<group>"; };
		C3A188A1BE9C91142AE97FBB /* Pods-Furgoneta.release.xcconfig */ = {isa = PBXFileReference; includeInIndex = 1; lastKnownFileType = text.xcconfig; name = "Pods-Furgoneta.release.xcconfig"; path = "Pods/Target Support Files/Pods-Furgoneta/Pods-Furgoneta.release.xcconfig"; sourceTree = "<group>"; };
		DA0F680321578D7700D31267 /* TodaysDocumentsViewController.swift */ = {isa = PBXFileReference; lastKnownFileType = sourcecode.swift; path = TodaysDocumentsViewController.swift; sourceTree = "<group>"; };
		DA0F68052157AB6B00D31267 /* TodayDocumentsTableViewCell.swift */ = {isa = PBXFileReference; lastKnownFileType = sourcecode.swift; path = TodayDocumentsTableViewCell.swift; sourceTree = "<group>"; };
		DA0F68092157D74B00D31267 /* ManagerAddProductsTableViewController.swift */ = {isa = PBXFileReference; lastKnownFileType = sourcecode.swift; path = ManagerAddProductsTableViewController.swift; sourceTree = "<group>"; };
		DA0F680B2157D77A00D31267 /* ManagerAddProductsTableViewCell.swift */ = {isa = PBXFileReference; lastKnownFileType = sourcecode.swift; path = ManagerAddProductsTableViewCell.swift; sourceTree = "<group>"; };
		DA1D5E302142670700D7E787 /* Furgoneta.app */ = {isa = PBXFileReference; explicitFileType = wrapper.application; includeInIndex = 0; path = Furgoneta.app; sourceTree = BUILT_PRODUCTS_DIR; };
		DA1D5E332142670700D7E787 /* AppDelegate.swift */ = {isa = PBXFileReference; lastKnownFileType = sourcecode.swift; path = AppDelegate.swift; sourceTree = "<group>"; };
		DA1D5E352142670700D7E787 /* MainViewController.swift */ = {isa = PBXFileReference; lastKnownFileType = sourcecode.swift; path = MainViewController.swift; sourceTree = "<group>"; };
		DA1D5E382142670700D7E787 /* Base */ = {isa = PBXFileReference; lastKnownFileType = file.storyboard; name = Base; path = Base.lproj/Main.storyboard; sourceTree = "<group>"; };
		DA1D5E3A2142670800D7E787 /* Assets.xcassets */ = {isa = PBXFileReference; lastKnownFileType = folder.assetcatalog; path = Assets.xcassets; sourceTree = "<group>"; };
		DA1D5E3D2142670800D7E787 /* Base */ = {isa = PBXFileReference; lastKnownFileType = file.storyboard; name = Base; path = Base.lproj/LaunchScreen.storyboard; sourceTree = "<group>"; };
		DA1D5E3F2142670800D7E787 /* Info.plist */ = {isa = PBXFileReference; lastKnownFileType = text.plist.xml; path = Info.plist; sourceTree = "<group>"; };
		DA1D5E442142670900D7E787 /* FurgonetaTests.xctest */ = {isa = PBXFileReference; explicitFileType = wrapper.cfbundle; includeInIndex = 0; path = FurgonetaTests.xctest; sourceTree = BUILT_PRODUCTS_DIR; };
		DA1D5E482142670900D7E787 /* FurgonetaTests.swift */ = {isa = PBXFileReference; lastKnownFileType = sourcecode.swift; path = FurgonetaTests.swift; sourceTree = "<group>"; };
		DA1D5E4A2142670900D7E787 /* Info.plist */ = {isa = PBXFileReference; lastKnownFileType = text.plist.xml; path = Info.plist; sourceTree = "<group>"; };
		DA1D5E4F2142670900D7E787 /* FurgonetaUITests.xctest */ = {isa = PBXFileReference; explicitFileType = wrapper.cfbundle; includeInIndex = 0; path = FurgonetaUITests.xctest; sourceTree = BUILT_PRODUCTS_DIR; };
		DA1D5E532142670900D7E787 /* FurgonetaUITests.swift */ = {isa = PBXFileReference; lastKnownFileType = sourcecode.swift; path = FurgonetaUITests.swift; sourceTree = "<group>"; };
		DA1D5E552142670900D7E787 /* Info.plist */ = {isa = PBXFileReference; lastKnownFileType = text.plist.xml; path = Info.plist; sourceTree = "<group>"; };
		DA1D5E6221428F2600D7E787 /* DesignableUItextField.swift */ = {isa = PBXFileReference; lastKnownFileType = sourcecode.swift; path = DesignableUItextField.swift; sourceTree = "<group>"; };
		DA1D5E642143DAF800D7E787 /* Constants.swift */ = {isa = PBXFileReference; lastKnownFileType = sourcecode.swift; path = Constants.swift; sourceTree = "<group>"; };
		DA1D5E672144FB0C00D7E787 /* MenuAdminViewController.swift */ = {isa = PBXFileReference; lastKnownFileType = sourcecode.swift; path = MenuAdminViewController.swift; sourceTree = "<group>"; };
		DA1D5E69214524FE00D7E787 /* AddLocationsTableViewController.swift */ = {isa = PBXFileReference; lastKnownFileType = sourcecode.swift; path = AddLocationsTableViewController.swift; sourceTree = "<group>"; };
		DA1D5E6B2145399C00D7E787 /* AddProductsTableViewController.swift */ = {isa = PBXFileReference; lastKnownFileType = sourcecode.swift; path = AddProductsTableViewController.swift; sourceTree = "<group>"; };
		DA1D5E6D21453D3E00D7E787 /* ProductTableViewCell.swift */ = {isa = PBXFileReference; lastKnownFileType = sourcecode.swift; path = ProductTableViewCell.swift; sourceTree = "<group>"; };
		DA1D5E7021454FA100D7E787 /* ProductModel.swift */ = {isa = PBXFileReference; lastKnownFileType = sourcecode.swift; path = ProductModel.swift; sourceTree = "<group>"; };
		DA1D5E7221457B9200D7E787 /* ProductModalViewController.swift */ = {isa = PBXFileReference; lastKnownFileType = sourcecode.swift; path = ProductModalViewController.swift; sourceTree = "<group>"; };
		DA3FA4A821614912002D961B /* SupplysDriverTableViewController.swift */ = {isa = PBXFileReference; lastKnownFileType = sourcecode.swift; path = SupplysDriverTableViewController.swift; sourceTree = "<group>"; };
		DA3FA4AA216149A4002D961B /* SupplyTableViewCell.swift */ = {isa = PBXFileReference; lastKnownFileType = sourcecode.swift; path = SupplyTableViewCell.swift; sourceTree = "<group>"; };
		DA499F71216E4A9300C3438A /* Furgoneta.entitlements */ = {isa = PBXFileReference; lastKnownFileType = text.plist.entitlements; path = Furgoneta.entitlements; sourceTree = "<group>"; };
		DA522DCE21467B98007214D1 /* LocationTableViewCell.swift */ = {isa = PBXFileReference; lastKnownFileType = sourcecode.swift; path = LocationTableViewCell.swift; sourceTree = "<group>"; };
		DA522DD021467FB9007214D1 /* LocationModalViewController.swift */ = {isa = PBXFileReference; lastKnownFileType = sourcecode.swift; path = LocationModalViewController.swift; sourceTree = "<group>"; };
		DA522DD22146814A007214D1 /* LocationModel.swift */ = {isa = PBXFileReference; lastKnownFileType = sourcecode.swift; path = LocationModel.swift; sourceTree = "<group>"; };
		DA522DD4214690B2007214D1 /* AddUsersTableViewController.swift */ = {isa = PBXFileReference; lastKnownFileType = sourcecode.swift; path = AddUsersTableViewController.swift; sourceTree = "<group>"; };
		DA522DD621469192007214D1 /* UserModel.swift */ = {isa = PBXFileReference; lastKnownFileType = sourcecode.swift; path = UserModel.swift; sourceTree = "<group>"; };
		DA522DD821469404007214D1 /* UserTableViewCell.swift */ = {isa = PBXFileReference; lastKnownFileType = sourcecode.swift; path = UserTableViewCell.swift; sourceTree = "<group>"; };
		DA522DDA2146A596007214D1 /* AddUserViewController.swift */ = {isa = PBXFileReference; lastKnownFileType = sourcecode.swift; path = AddUserViewController.swift; sourceTree = "<group>"; };
		DA522DDC21480CA1007214D1 /* PasswordToggleVisibilityView.swift */ = {isa = PBXFileReference; lastKnownFileType = sourcecode.swift; path = PasswordToggleVisibilityView.swift; sourceTree = "<group>"; };
		DA522DDE21481319007214D1 /* HideShowPasswordTextField.swift */ = {isa = PBXFileReference; lastKnownFileType = sourcecode.swift; path = HideShowPasswordTextField.swift; sourceTree = "<group>"; };
		DA522DE021484EA5007214D1 /* RoleModel.swift */ = {isa = PBXFileReference; lastKnownFileType = sourcecode.swift; path = RoleModel.swift; sourceTree = "<group>"; };
		DA685A932159261C0033DA51 /* EditConsumerProductViewController.swift */ = {isa = PBXFileReference; lastKnownFileType = sourcecode.swift; path = EditConsumerProductViewController.swift; sourceTree = "<group>"; };
		DA685A95215A4D2F0033DA51 /* RequestData.swift */ = {isa = PBXFileReference; lastKnownFileType = sourcecode.swift; path = RequestData.swift; sourceTree = "<group>"; };
		DA685A97215A95A80033DA51 /* GoogleService-Info.plist */ = {isa = PBXFileReference; fileEncoding = 4; lastKnownFileType = text.plist.xml; path = "GoogleService-Info.plist"; sourceTree = "<group>"; };
		DA6A1D6B214EDA3B007C145A /* AssignLocationTableViewController.swift */ = {isa = PBXFileReference; lastKnownFileType = sourcecode.swift; path = AssignLocationTableViewController.swift; sourceTree = "<group>"; };
		DA6A1D6D214EDA68007C145A /* LocationToAssignTableViewCell.swift */ = {isa = PBXFileReference; lastKnownFileType = sourcecode.swift; path = LocationToAssignTableViewCell.swift; sourceTree = "<group>"; };
		DA99197F2151867D00C27CD4 /* AllDocumentsTableViewController.swift */ = {isa = PBXFileReference; lastKnownFileType = sourcecode.swift; path = AllDocumentsTableViewController.swift; sourceTree = "<group>"; };
		DA991981215186AF00C27CD4 /* HeaderTableViewCell.swift */ = {isa = PBXFileReference; lastKnownFileType = sourcecode.swift; path = HeaderTableViewCell.swift; sourceTree = "<group>"; };
		DA991983215186C500C27CD4 /* DocumentTableViewCell.swift */ = {isa = PBXFileReference; lastKnownFileType = sourcecode.swift; path = DocumentTableViewCell.swift; sourceTree = "<group>"; };
		DA9919852152A14F00C27CD4 /* DocumentModel.swift */ = {isa = PBXFileReference; lastKnownFileType = sourcecode.swift; path = DocumentModel.swift; sourceTree = "<group>"; };
		DA9919882152CACD00C27CD4 /* DocumentViewController.swift */ = {isa = PBXFileReference; lastKnownFileType = sourcecode.swift; path = DocumentViewController.swift; sourceTree = "<group>"; };
		DA99198A2152CCEE00C27CD4 /* DetailDocumentTableViewCell.swift */ = {isa = PBXFileReference; lastKnownFileType = sourcecode.swift; path = DetailDocumentTableViewCell.swift; sourceTree = "<group>"; };
		DA9919902152D5B500C27CD4 /* DocumentItem.swift */ = {isa = PBXFileReference; lastKnownFileType = sourcecode.swift; path = DocumentItem.swift; sourceTree = "<group>"; };
		DA991992215506CF00C27CD4 /* EndDayViewController.swift */ = {isa = PBXFileReference; lastKnownFileType = sourcecode.swift; path = EndDayViewController.swift; sourceTree = "<group>"; };
		DA9919942155905000C27CD4 /* MonetaryViewController.swift */ = {isa = PBXFileReference; lastKnownFileType = sourcecode.swift; path = MonetaryViewController.swift; sourceTree = "<group>"; };
		DA99199821565D0500C27CD4 /* MoneyModel.swift */ = {isa = PBXFileReference; lastKnownFileType = sourcecode.swift; path = MoneyModel.swift; sourceTree = "<group>"; };
		DAB2E583216E78D8000081A9 /* FCMData.swift */ = {isa = PBXFileReference; lastKnownFileType = sourcecode.swift; path = FCMData.swift; sourceTree = "<group>"; };
		DC279F4B499C07345E042AB4 /* Pods_FurgonetaTests.framework */ = {isa = PBXFileReference; explicitFileType = wrapper.framework; includeInIndex = 0; path = Pods_FurgonetaTests.framework; sourceTree = BUILT_PRODUCTS_DIR; };
		E1ADEF5C34ECD10F9ADA4904 /* Pods_FurgonetaUITests.framework */ = {isa = PBXFileReference; explicitFileType = wrapper.framework; includeInIndex = 0; path = Pods_FurgonetaUITests.framework; sourceTree = BUILT_PRODUCTS_DIR; };
		FDCC79CDD677E9C5DE23365C /* Pods-FurgonetaUITests.release.xcconfig */ = {isa = PBXFileReference; includeInIndex = 1; lastKnownFileType = text.xcconfig; name = "Pods-FurgonetaUITests.release.xcconfig"; path = "Pods/Target Support Files/Pods-FurgonetaUITests/Pods-FurgonetaUITests.release.xcconfig"; sourceTree = "<group>"; };
/* End PBXFileReference section */

/* Begin PBXFrameworksBuildPhase section */
		DA1D5E2D2142670700D7E787 /* Frameworks */ = {
			isa = PBXFrameworksBuildPhase;
			buildActionMask = 2147483647;
			files = (
				AB6C6D02B509E41CA06147D9 /* Pods_Furgoneta.framework in Frameworks */,
			);
			runOnlyForDeploymentPostprocessing = 0;
		};
		DA1D5E412142670900D7E787 /* Frameworks */ = {
			isa = PBXFrameworksBuildPhase;
			buildActionMask = 2147483647;
			files = (
				A09572C6E218D05179751C36 /* Pods_FurgonetaTests.framework in Frameworks */,
			);
			runOnlyForDeploymentPostprocessing = 0;
		};
		DA1D5E4C2142670900D7E787 /* Frameworks */ = {
			isa = PBXFrameworksBuildPhase;
			buildActionMask = 2147483647;
			files = (
				732B03EA2B58877EEBE0DFA3 /* Pods_FurgonetaUITests.framework in Frameworks */,
			);
			runOnlyForDeploymentPostprocessing = 0;
		};
/* End PBXFrameworksBuildPhase section */

/* Begin PBXGroup section */
		06445D143186FB2B60270814 /* Frameworks */ = {
			isa = PBXGroup;
			children = (
				43B742989BB2A291FD5317AB /* Pods_Furgoneta.framework */,
				DC279F4B499C07345E042AB4 /* Pods_FurgonetaTests.framework */,
				E1ADEF5C34ECD10F9ADA4904 /* Pods_FurgonetaUITests.framework */,
			);
			name = Frameworks;
			sourceTree = "<group>";
		};
		A5E6BA1A40F7FC2B4FB7CF28 /* Pods */ = {
			isa = PBXGroup;
			children = (
				77BAE4AE3026F6697A2F2479 /* Pods-Furgoneta.debug.xcconfig */,
				C3A188A1BE9C91142AE97FBB /* Pods-Furgoneta.release.xcconfig */,
				493B34AD24ACCB3C0B3C7546 /* Pods-FurgonetaTests.debug.xcconfig */,
				94B0E301C37BDD03FA67AEB5 /* Pods-FurgonetaTests.release.xcconfig */,
				8A4DC4CF294A4F8C69563351 /* Pods-FurgonetaUITests.debug.xcconfig */,
				FDCC79CDD677E9C5DE23365C /* Pods-FurgonetaUITests.release.xcconfig */,
			);
			name = Pods;
			sourceTree = "<group>";
		};
		DA1D5E272142670700D7E787 = {
			isa = PBXGroup;
			children = (
				DA1D5E322142670700D7E787 /* Furgoneta */,
				DA1D5E472142670900D7E787 /* FurgonetaTests */,
				DA1D5E522142670900D7E787 /* FurgonetaUITests */,
				DA1D5E312142670700D7E787 /* Products */,
				A5E6BA1A40F7FC2B4FB7CF28 /* Pods */,
				06445D143186FB2B60270814 /* Frameworks */,
			);
			sourceTree = "<group>";
		};
		DA1D5E312142670700D7E787 /* Products */ = {
			isa = PBXGroup;
			children = (
				DA1D5E302142670700D7E787 /* Furgoneta.app */,
				DA1D5E442142670900D7E787 /* FurgonetaTests.xctest */,
				DA1D5E4F2142670900D7E787 /* FurgonetaUITests.xctest */,
			);
			name = Products;
			sourceTree = "<group>";
		};
		DA1D5E322142670700D7E787 /* Furgoneta */ = {
			isa = PBXGroup;
			children = (
				DA499F71216E4A9300C3438A /* Furgoneta.entitlements */,
				DA3FA4A721614868002D961B /* Driver */,
				DA9919872152C74100C27CD4 /* manager */,
				DA1D5E6F21454F8900D7E787 /* Models */,
				DA1D5E662144F5B000D7E787 /* administrator */,
				DA1D5E6121428EDD00D7E787 /* utils */,
				DA1D5E332142670700D7E787 /* AppDelegate.swift */,
				DA1D5E352142670700D7E787 /* MainViewController.swift */,
				DA1D5E372142670700D7E787 /* Main.storyboard */,
				DA1D5E3A2142670800D7E787 /* Assets.xcassets */,
				DA1D5E3C2142670800D7E787 /* LaunchScreen.storyboard */,
				DA1D5E3F2142670800D7E787 /* Info.plist */,
				DA685A97215A95A80033DA51 /* GoogleService-Info.plist */,
			);
			path = Furgoneta;
			sourceTree = "<group>";
		};
		DA1D5E472142670900D7E787 /* FurgonetaTests */ = {
			isa = PBXGroup;
			children = (
				DA1D5E482142670900D7E787 /* FurgonetaTests.swift */,
				DA1D5E4A2142670900D7E787 /* Info.plist */,
			);
			path = FurgonetaTests;
			sourceTree = "<group>";
		};
		DA1D5E522142670900D7E787 /* FurgonetaUITests */ = {
			isa = PBXGroup;
			children = (
				DA1D5E532142670900D7E787 /* FurgonetaUITests.swift */,
				DA1D5E552142670900D7E787 /* Info.plist */,
			);
			path = FurgonetaUITests;
			sourceTree = "<group>";
		};
		DA1D5E6121428EDD00D7E787 /* utils */ = {
			isa = PBXGroup;
			children = (
				DA1D5E6221428F2600D7E787 /* DesignableUItextField.swift */,
				DA1D5E642143DAF800D7E787 /* Constants.swift */,
				DA522DDC21480CA1007214D1 /* PasswordToggleVisibilityView.swift */,
				DA522DDE21481319007214D1 /* HideShowPasswordTextField.swift */,
			);
			path = utils;
			sourceTree = "<group>";
		};
		DA1D5E662144F5B000D7E787 /* administrator */ = {
			isa = PBXGroup;
			children = (
				DA1D5E672144FB0C00D7E787 /* MenuAdminViewController.swift */,
				DA1D5E69214524FE00D7E787 /* AddLocationsTableViewController.swift */,
				DA1D5E6B2145399C00D7E787 /* AddProductsTableViewController.swift */,
				DA1D5E6D21453D3E00D7E787 /* ProductTableViewCell.swift */,
				DA1D5E7221457B9200D7E787 /* ProductModalViewController.swift */,
				DA522DCE21467B98007214D1 /* LocationTableViewCell.swift */,
				DA522DD021467FB9007214D1 /* LocationModalViewController.swift */,
				DA522DD4214690B2007214D1 /* AddUsersTableViewController.swift */,
				DA522DD821469404007214D1 /* UserTableViewCell.swift */,
				DA522DDA2146A596007214D1 /* AddUserViewController.swift */,
				DA6A1D6B214EDA3B007C145A /* AssignLocationTableViewController.swift */,
				DA6A1D6D214EDA68007C145A /* LocationToAssignTableViewCell.swift */,
				DA99197F2151867D00C27CD4 /* AllDocumentsTableViewController.swift */,
				DA991981215186AF00C27CD4 /* HeaderTableViewCell.swift */,
				DA991983215186C500C27CD4 /* DocumentTableViewCell.swift */,
			);
			path = administrator;
			sourceTree = "<group>";
		};
		DA1D5E6F21454F8900D7E787 /* Models */ = {
			isa = PBXGroup;
			children = (
				DA1D5E7021454FA100D7E787 /* ProductModel.swift */,
				DA522DD22146814A007214D1 /* LocationModel.swift */,
				DA522DD621469192007214D1 /* UserModel.swift */,
				DA522DE021484EA5007214D1 /* RoleModel.swift */,
				DA9919852152A14F00C27CD4 /* DocumentModel.swift */,
				DA9919902152D5B500C27CD4 /* DocumentItem.swift */,
				DA99199821565D0500C27CD4 /* MoneyModel.swift */,
			);
			path = Models;
			sourceTree = "<group>";
		};
		DA3FA4A721614868002D961B /* Driver */ = {
			isa = PBXGroup;
			children = (
				DA3FA4A821614912002D961B /* SupplysDriverTableViewController.swift */,
				DA3FA4AA216149A4002D961B /* SupplyTableViewCell.swift */,
			);
			path = Driver;
			sourceTree = "<group>";
		};
		DA9919872152C74100C27CD4 /* manager */ = {
			isa = PBXGroup;
			children = (
				DA9919882152CACD00C27CD4 /* DocumentViewController.swift */,
				DA99198A2152CCEE00C27CD4 /* DetailDocumentTableViewCell.swift */,
				DA991992215506CF00C27CD4 /* EndDayViewController.swift */,
				DA9919942155905000C27CD4 /* MonetaryViewController.swift */,
				DA0F680321578D7700D31267 /* TodaysDocumentsViewController.swift */,
				DA0F68052157AB6B00D31267 /* TodayDocumentsTableViewCell.swift */,
				DA0F68092157D74B00D31267 /* ManagerAddProductsTableViewController.swift */,
				DA0F680B2157D77A00D31267 /* ManagerAddProductsTableViewCell.swift */,
				40B302422158BD3E0054FFB8 /* MenuManagerViewController.swift */,
				40B302442158D5D80054FFB8 /* EditProductViewController.swift */,
				DA685A932159261C0033DA51 /* EditConsumerProductViewController.swift */,
				DA685A95215A4D2F0033DA51 /* RequestData.swift */,
				DAB2E583216E78D8000081A9 /* FCMData.swift */,
			);
			path = manager;
			sourceTree = "<group>";
		};
/* End PBXGroup section */

/* Begin PBXNativeTarget section */
		DA1D5E2F2142670700D7E787 /* Furgoneta */ = {
			isa = PBXNativeTarget;
			buildConfigurationList = DA1D5E582142670900D7E787 /* Build configuration list for PBXNativeTarget "Furgoneta" */;
			buildPhases = (
				894D0214ADC35AF8EA5C47B2 /* [CP] Check Pods Manifest.lock */,
				DA1D5E2C2142670700D7E787 /* Sources */,
				DA1D5E2D2142670700D7E787 /* Frameworks */,
				DA1D5E2E2142670700D7E787 /* Resources */,
				5F38B2B2FCBADE12AA5DE27E /* [CP] Embed Pods Frameworks */,
			);
			buildRules = (
			);
			dependencies = (
			);
			name = Furgoneta;
			productName = Furgoneta;
			productReference = DA1D5E302142670700D7E787 /* Furgoneta.app */;
			productType = "com.apple.product-type.application";
		};
		DA1D5E432142670900D7E787 /* FurgonetaTests */ = {
			isa = PBXNativeTarget;
			buildConfigurationList = DA1D5E5B2142670900D7E787 /* Build configuration list for PBXNativeTarget "FurgonetaTests" */;
			buildPhases = (
				813EDF006F3FA73AE62B1FD6 /* [CP] Check Pods Manifest.lock */,
				DA1D5E402142670900D7E787 /* Sources */,
				DA1D5E412142670900D7E787 /* Frameworks */,
				DA1D5E422142670900D7E787 /* Resources */,
			);
			buildRules = (
			);
			dependencies = (
				DA1D5E462142670900D7E787 /* PBXTargetDependency */,
			);
			name = FurgonetaTests;
			productName = FurgonetaTests;
			productReference = DA1D5E442142670900D7E787 /* FurgonetaTests.xctest */;
			productType = "com.apple.product-type.bundle.unit-test";
		};
		DA1D5E4E2142670900D7E787 /* FurgonetaUITests */ = {
			isa = PBXNativeTarget;
			buildConfigurationList = DA1D5E5E2142670900D7E787 /* Build configuration list for PBXNativeTarget "FurgonetaUITests" */;
			buildPhases = (
				2F467A327B10748AD0A4655F /* [CP] Check Pods Manifest.lock */,
				DA1D5E4B2142670900D7E787 /* Sources */,
				DA1D5E4C2142670900D7E787 /* Frameworks */,
				DA1D5E4D2142670900D7E787 /* Resources */,
			);
			buildRules = (
			);
			dependencies = (
				DA1D5E512142670900D7E787 /* PBXTargetDependency */,
			);
			name = FurgonetaUITests;
			productName = FurgonetaUITests;
			productReference = DA1D5E4F2142670900D7E787 /* FurgonetaUITests.xctest */;
			productType = "com.apple.product-type.bundle.ui-testing";
		};
/* End PBXNativeTarget section */

/* Begin PBXProject section */
		DA1D5E282142670700D7E787 /* Project object */ = {
			isa = PBXProject;
			attributes = {
				LastSwiftUpdateCheck = 0940;
				LastUpgradeCheck = 0940;
				ORGANIZATIONNAME = "Paul Oprea";
				TargetAttributes = {
					DA1D5E2F2142670700D7E787 = {
						CreatedOnToolsVersion = 9.4.1;
						LastSwiftMigration = 1000;
						SystemCapabilities = {
							com.apple.Push = {
								enabled = 1;
							};
						};
					};
					DA1D5E432142670900D7E787 = {
						CreatedOnToolsVersion = 9.4.1;
						LastSwiftMigration = 1000;
						TestTargetID = DA1D5E2F2142670700D7E787;
					};
					DA1D5E4E2142670900D7E787 = {
						CreatedOnToolsVersion = 9.4.1;
						LastSwiftMigration = 1000;
						TestTargetID = DA1D5E2F2142670700D7E787;
					};
				};
			};
			buildConfigurationList = DA1D5E2B2142670700D7E787 /* Build configuration list for PBXProject "Furgoneta" */;
			compatibilityVersion = "Xcode 9.3";
			developmentRegion = en;
			hasScannedForEncodings = 0;
			knownRegions = (
				en,
				Base,
			);
			mainGroup = DA1D5E272142670700D7E787;
			productRefGroup = DA1D5E312142670700D7E787 /* Products */;
			projectDirPath = "";
			projectRoot = "";
			targets = (
				DA1D5E2F2142670700D7E787 /* Furgoneta */,
				DA1D5E432142670900D7E787 /* FurgonetaTests */,
				DA1D5E4E2142670900D7E787 /* FurgonetaUITests */,
			);
		};
/* End PBXProject section */

/* Begin PBXResourcesBuildPhase section */
		DA1D5E2E2142670700D7E787 /* Resources */ = {
			isa = PBXResourcesBuildPhase;
			buildActionMask = 2147483647;
			files = (
				DA1D5E3E2142670800D7E787 /* LaunchScreen.storyboard in Resources */,
				DA685A98215A95A80033DA51 /* GoogleService-Info.plist in Resources */,
				DA1D5E3B2142670800D7E787 /* Assets.xcassets in Resources */,
				DA1D5E392142670700D7E787 /* Main.storyboard in Resources */,
			);
			runOnlyForDeploymentPostprocessing = 0;
		};
		DA1D5E422142670900D7E787 /* Resources */ = {
			isa = PBXResourcesBuildPhase;
			buildActionMask = 2147483647;
			files = (
			);
			runOnlyForDeploymentPostprocessing = 0;
		};
		DA1D5E4D2142670900D7E787 /* Resources */ = {
			isa = PBXResourcesBuildPhase;
			buildActionMask = 2147483647;
			files = (
			);
			runOnlyForDeploymentPostprocessing = 0;
		};
/* End PBXResourcesBuildPhase section */

/* Begin PBXShellScriptBuildPhase section */
		2F467A327B10748AD0A4655F /* [CP] Check Pods Manifest.lock */ = {
			isa = PBXShellScriptBuildPhase;
			buildActionMask = 2147483647;
			files = (
			);
			inputPaths = (
				"${PODS_PODFILE_DIR_PATH}/Podfile.lock",
				"${PODS_ROOT}/Manifest.lock",
			);
			name = "[CP] Check Pods Manifest.lock";
			outputPaths = (
				"$(DERIVED_FILE_DIR)/Pods-FurgonetaUITests-checkManifestLockResult.txt",
			);
			runOnlyForDeploymentPostprocessing = 0;
			shellPath = /bin/sh;
			shellScript = "diff \"${PODS_PODFILE_DIR_PATH}/Podfile.lock\" \"${PODS_ROOT}/Manifest.lock\" > /dev/null\nif [ $? != 0 ] ; then\n    # print error to STDERR\n    echo \"error: The sandbox is not in sync with the Podfile.lock. Run 'pod install' or update your CocoaPods installation.\" >&2\n    exit 1\nfi\n# This output is used by Xcode 'outputs' to avoid re-running this script phase.\necho \"SUCCESS\" > \"${SCRIPT_OUTPUT_FILE_0}\"\n";
			showEnvVarsInLog = 0;
		};
		5F38B2B2FCBADE12AA5DE27E /* [CP] Embed Pods Frameworks */ = {
			isa = PBXShellScriptBuildPhase;
			buildActionMask = 2147483647;
			files = (
			);
			inputPaths = (
				"${SRCROOT}/Pods/Target Support Files/Pods-Furgoneta/Pods-Furgoneta-frameworks.sh",
				"${BUILT_PRODUCTS_DIR}/Alamofire/Alamofire.framework",
				"${BUILT_PRODUCTS_DIR}/AlamofireSwiftyJSON/AlamofireSwiftyJSON.framework",
				"${BUILT_PRODUCTS_DIR}/GoogleUtilities/GoogleUtilities.framework",
				"${BUILT_PRODUCTS_DIR}/Protobuf/Protobuf.framework",
				"${BUILT_PRODUCTS_DIR}/SwiftyJSON/SwiftyJSON.framework",
			);
			name = "[CP] Embed Pods Frameworks";
			outputPaths = (
				"${TARGET_BUILD_DIR}/${FRAMEWORKS_FOLDER_PATH}/Alamofire.framework",
				"${TARGET_BUILD_DIR}/${FRAMEWORKS_FOLDER_PATH}/AlamofireSwiftyJSON.framework",
				"${TARGET_BUILD_DIR}/${FRAMEWORKS_FOLDER_PATH}/GoogleUtilities.framework",
				"${TARGET_BUILD_DIR}/${FRAMEWORKS_FOLDER_PATH}/Protobuf.framework",
				"${TARGET_BUILD_DIR}/${FRAMEWORKS_FOLDER_PATH}/SwiftyJSON.framework",
			);
			runOnlyForDeploymentPostprocessing = 0;
			shellPath = /bin/sh;
			shellScript = "\"${SRCROOT}/Pods/Target Support Files/Pods-Furgoneta/Pods-Furgoneta-frameworks.sh\"\n";
			showEnvVarsInLog = 0;
		};
		813EDF006F3FA73AE62B1FD6 /* [CP] Check Pods Manifest.lock */ = {
			isa = PBXShellScriptBuildPhase;
			buildActionMask = 2147483647;
			files = (
			);
			inputPaths = (
				"${PODS_PODFILE_DIR_PATH}/Podfile.lock",
				"${PODS_ROOT}/Manifest.lock",
			);
			name = "[CP] Check Pods Manifest.lock";
			outputPaths = (
				"$(DERIVED_FILE_DIR)/Pods-FurgonetaTests-checkManifestLockResult.txt",
			);
			runOnlyForDeploymentPostprocessing = 0;
			shellPath = /bin/sh;
			shellScript = "diff \"${PODS_PODFILE_DIR_PATH}/Podfile.lock\" \"${PODS_ROOT}/Manifest.lock\" > /dev/null\nif [ $? != 0 ] ; then\n    # print error to STDERR\n    echo \"error: The sandbox is not in sync with the Podfile.lock. Run 'pod install' or update your CocoaPods installation.\" >&2\n    exit 1\nfi\n# This output is used by Xcode 'outputs' to avoid re-running this script phase.\necho \"SUCCESS\" > \"${SCRIPT_OUTPUT_FILE_0}\"\n";
			showEnvVarsInLog = 0;
		};
		894D0214ADC35AF8EA5C47B2 /* [CP] Check Pods Manifest.lock */ = {
			isa = PBXShellScriptBuildPhase;
			buildActionMask = 2147483647;
			files = (
			);
			inputPaths = (
				"${PODS_PODFILE_DIR_PATH}/Podfile.lock",
				"${PODS_ROOT}/Manifest.lock",
			);
			name = "[CP] Check Pods Manifest.lock";
			outputPaths = (
				"$(DERIVED_FILE_DIR)/Pods-Furgoneta-checkManifestLockResult.txt",
			);
			runOnlyForDeploymentPostprocessing = 0;
			shellPath = /bin/sh;
			shellScript = "diff \"${PODS_PODFILE_DIR_PATH}/Podfile.lock\" \"${PODS_ROOT}/Manifest.lock\" > /dev/null\nif [ $? != 0 ] ; then\n    # print error to STDERR\n    echo \"error: The sandbox is not in sync with the Podfile.lock. Run 'pod install' or update your CocoaPods installation.\" >&2\n    exit 1\nfi\n# This output is used by Xcode 'outputs' to avoid re-running this script phase.\necho \"SUCCESS\" > \"${SCRIPT_OUTPUT_FILE_0}\"\n";
			showEnvVarsInLog = 0;
		};
/* End PBXShellScriptBuildPhase section */

/* Begin PBXSourcesBuildPhase section */
		DA1D5E2C2142670700D7E787 /* Sources */ = {
			isa = PBXSourcesBuildPhase;
			buildActionMask = 2147483647;
			files = (
				DA99198B2152CCEE00C27CD4 /* DetailDocumentTableViewCell.swift in Sources */,
				DA3FA4A921614912002D961B /* SupplysDriverTableViewController.swift in Sources */,
				DA522DDB2146A596007214D1 /* AddUserViewController.swift in Sources */,
				DA1D5E7321457B9200D7E787 /* ProductModalViewController.swift in Sources */,
				DA9919862152A14F00C27CD4 /* DocumentModel.swift in Sources */,
				DA99199921565D0500C27CD4 /* MoneyModel.swift in Sources */,
				DA1D5E362142670700D7E787 /* MainViewController.swift in Sources */,
				DAB2E584216E78D8000081A9 /* FCMData.swift in Sources */,
				DA991982215186AF00C27CD4 /* HeaderTableViewCell.swift in Sources */,
				DA1D5E6E21453D3E00D7E787 /* ProductTableViewCell.swift in Sources */,
				DA991993215506CF00C27CD4 /* EndDayViewController.swift in Sources */,
				DA0F680A2157D74B00D31267 /* ManagerAddProductsTableViewController.swift in Sources */,
				DA9919952155905000C27CD4 /* MonetaryViewController.swift in Sources */,
				DA0F680C2157D77A00D31267 /* ManagerAddProductsTableViewCell.swift in Sources */,
				40B302452158D5D80054FFB8 /* EditProductViewController.swift in Sources */,
				DA0F68062157AB6B00D31267 /* TodayDocumentsTableViewCell.swift in Sources */,
				DA685A942159261C0033DA51 /* EditConsumerProductViewController.swift in Sources */,
				DA1D5E6C2145399C00D7E787 /* AddProductsTableViewController.swift in Sources */,
				DA522DD921469404007214D1 /* UserTableViewCell.swift in Sources */,
				DA3FA4AB216149A4002D961B /* SupplyTableViewCell.swift in Sources */,
				DA522DD5214690B2007214D1 /* AddUsersTableViewController.swift in Sources */,
				DA0F680421578D7700D31267 /* TodaysDocumentsViewController.swift in Sources */,
				DA9919912152D5B500C27CD4 /* DocumentItem.swift in Sources */,
				DA1D5E6321428F2600D7E787 /* DesignableUItextField.swift in Sources */,
				DA6A1D6E214EDA68007C145A /* LocationToAssignTableViewCell.swift in Sources */,
				DA1D5E7121454FA100D7E787 /* ProductModel.swift in Sources */,
				DA522DE121484EA5007214D1 /* RoleModel.swift in Sources */,
				DA6A1D6C214EDA3B007C145A /* AssignLocationTableViewController.swift in Sources */,
				DA522DDF21481319007214D1 /* HideShowPasswordTextField.swift in Sources */,
				DA9919892152CACD00C27CD4 /* DocumentViewController.swift in Sources */,
				DA9919802151867D00C27CD4 /* AllDocumentsTableViewController.swift in Sources */,
				DA1D5E682144FB0C00D7E787 /* MenuAdminViewController.swift in Sources */,
				DA1D5E342142670700D7E787 /* AppDelegate.swift in Sources */,
				40B302432158BD3E0054FFB8 /* MenuManagerViewController.swift in Sources */,
				DA685A96215A4D2F0033DA51 /* RequestData.swift in Sources */,
				DA522DCF21467B98007214D1 /* LocationTableViewCell.swift in Sources */,
				DA1D5E6A214524FE00D7E787 /* AddLocationsTableViewController.swift in Sources */,
				DA522DD32146814A007214D1 /* LocationModel.swift in Sources */,
				DA1D5E652143DAF800D7E787 /* Constants.swift in Sources */,
				DA991984215186C500C27CD4 /* DocumentTableViewCell.swift in Sources */,
				DA522DDD21480CA1007214D1 /* PasswordToggleVisibilityView.swift in Sources */,
				DA522DD721469192007214D1 /* UserModel.swift in Sources */,
				DA522DD121467FB9007214D1 /* LocationModalViewController.swift in Sources */,
			);
			runOnlyForDeploymentPostprocessing = 0;
		};
		DA1D5E402142670900D7E787 /* Sources */ = {
			isa = PBXSourcesBuildPhase;
			buildActionMask = 2147483647;
			files = (
				DA1D5E492142670900D7E787 /* FurgonetaTests.swift in Sources */,
			);
			runOnlyForDeploymentPostprocessing = 0;
		};
		DA1D5E4B2142670900D7E787 /* Sources */ = {
			isa = PBXSourcesBuildPhase;
			buildActionMask = 2147483647;
			files = (
				DA1D5E542142670900D7E787 /* FurgonetaUITests.swift in Sources */,
			);
			runOnlyForDeploymentPostprocessing = 0;
		};
/* End PBXSourcesBuildPhase section */

/* Begin PBXTargetDependency section */
		DA1D5E462142670900D7E787 /* PBXTargetDependency */ = {
			isa = PBXTargetDependency;
			target = DA1D5E2F2142670700D7E787 /* Furgoneta */;
			targetProxy = DA1D5E452142670900D7E787 /* PBXContainerItemProxy */;
		};
		DA1D5E512142670900D7E787 /* PBXTargetDependency */ = {
			isa = PBXTargetDependency;
			target = DA1D5E2F2142670700D7E787 /* Furgoneta */;
			targetProxy = DA1D5E502142670900D7E787 /* PBXContainerItemProxy */;
		};
/* End PBXTargetDependency section */

/* Begin PBXVariantGroup section */
		DA1D5E372142670700D7E787 /* Main.storyboard */ = {
			isa = PBXVariantGroup;
			children = (
				DA1D5E382142670700D7E787 /* Base */,
			);
			name = Main.storyboard;
			sourceTree = "<group>";
		};
		DA1D5E3C2142670800D7E787 /* LaunchScreen.storyboard */ = {
			isa = PBXVariantGroup;
			children = (
				DA1D5E3D2142670800D7E787 /* Base */,
			);
			name = LaunchScreen.storyboard;
			sourceTree = "<group>";
		};
/* End PBXVariantGroup section */

/* Begin XCBuildConfiguration section */
		DA1D5E562142670900D7E787 /* Debug */ = {
			isa = XCBuildConfiguration;
			buildSettings = {
				ALWAYS_SEARCH_USER_PATHS = NO;
				CLANG_ANALYZER_NONNULL = YES;
				CLANG_ANALYZER_NUMBER_OBJECT_CONVERSION = YES_AGGRESSIVE;
				CLANG_CXX_LANGUAGE_STANDARD = "gnu++14";
				CLANG_CXX_LIBRARY = "libc++";
				CLANG_ENABLE_MODULES = YES;
				CLANG_ENABLE_OBJC_ARC = YES;
				CLANG_ENABLE_OBJC_WEAK = YES;
				CLANG_WARN_BLOCK_CAPTURE_AUTORELEASING = YES;
				CLANG_WARN_BOOL_CONVERSION = YES;
				CLANG_WARN_COMMA = YES;
				CLANG_WARN_CONSTANT_CONVERSION = YES;
				CLANG_WARN_DEPRECATED_OBJC_IMPLEMENTATIONS = YES;
				CLANG_WARN_DIRECT_OBJC_ISA_USAGE = YES_ERROR;
				CLANG_WARN_DOCUMENTATION_COMMENTS = YES;
				CLANG_WARN_EMPTY_BODY = YES;
				CLANG_WARN_ENUM_CONVERSION = YES;
				CLANG_WARN_INFINITE_RECURSION = YES;
				CLANG_WARN_INT_CONVERSION = YES;
				CLANG_WARN_NON_LITERAL_NULL_CONVERSION = YES;
				CLANG_WARN_OBJC_IMPLICIT_RETAIN_SELF = YES;
				CLANG_WARN_OBJC_LITERAL_CONVERSION = YES;
				CLANG_WARN_OBJC_ROOT_CLASS = YES_ERROR;
				CLANG_WARN_RANGE_LOOP_ANALYSIS = YES;
				CLANG_WARN_STRICT_PROTOTYPES = YES;
				CLANG_WARN_SUSPICIOUS_MOVE = YES;
				CLANG_WARN_UNGUARDED_AVAILABILITY = YES_AGGRESSIVE;
				CLANG_WARN_UNREACHABLE_CODE = YES;
				CLANG_WARN__DUPLICATE_METHOD_MATCH = YES;
				CODE_SIGN_IDENTITY = "iPhone Developer";
				COPY_PHASE_STRIP = NO;
				DEBUG_INFORMATION_FORMAT = dwarf;
				ENABLE_STRICT_OBJC_MSGSEND = YES;
				ENABLE_TESTABILITY = YES;
				GCC_C_LANGUAGE_STANDARD = gnu11;
				GCC_DYNAMIC_NO_PIC = NO;
				GCC_NO_COMMON_BLOCKS = YES;
				GCC_OPTIMIZATION_LEVEL = 0;
				GCC_PREPROCESSOR_DEFINITIONS = (
					"DEBUG=1",
					"$(inherited)",
				);
				GCC_WARN_64_TO_32_BIT_CONVERSION = YES;
				GCC_WARN_ABOUT_RETURN_TYPE = YES_ERROR;
				GCC_WARN_UNDECLARED_SELECTOR = YES;
				GCC_WARN_UNINITIALIZED_AUTOS = YES_AGGRESSIVE;
				GCC_WARN_UNUSED_FUNCTION = YES;
				GCC_WARN_UNUSED_VARIABLE = YES;
				IPHONEOS_DEPLOYMENT_TARGET = 11.4;
				MTL_ENABLE_DEBUG_INFO = YES;
				ONLY_ACTIVE_ARCH = YES;
				SDKROOT = iphoneos;
				SWIFT_ACTIVE_COMPILATION_CONDITIONS = DEBUG;
				SWIFT_OPTIMIZATION_LEVEL = "-Onone";
			};
			name = Debug;
		};
		DA1D5E572142670900D7E787 /* Release */ = {
			isa = XCBuildConfiguration;
			buildSettings = {
				ALWAYS_SEARCH_USER_PATHS = NO;
				CLANG_ANALYZER_NONNULL = YES;
				CLANG_ANALYZER_NUMBER_OBJECT_CONVERSION = YES_AGGRESSIVE;
				CLANG_CXX_LANGUAGE_STANDARD = "gnu++14";
				CLANG_CXX_LIBRARY = "libc++";
				CLANG_ENABLE_MODULES = YES;
				CLANG_ENABLE_OBJC_ARC = YES;
				CLANG_ENABLE_OBJC_WEAK = YES;
				CLANG_WARN_BLOCK_CAPTURE_AUTORELEASING = YES;
				CLANG_WARN_BOOL_CONVERSION = YES;
				CLANG_WARN_COMMA = YES;
				CLANG_WARN_CONSTANT_CONVERSION = YES;
				CLANG_WARN_DEPRECATED_OBJC_IMPLEMENTATIONS = YES;
				CLANG_WARN_DIRECT_OBJC_ISA_USAGE = YES_ERROR;
				CLANG_WARN_DOCUMENTATION_COMMENTS = YES;
				CLANG_WARN_EMPTY_BODY = YES;
				CLANG_WARN_ENUM_CONVERSION = YES;
				CLANG_WARN_INFINITE_RECURSION = YES;
				CLANG_WARN_INT_CONVERSION = YES;
				CLANG_WARN_NON_LITERAL_NULL_CONVERSION = YES;
				CLANG_WARN_OBJC_IMPLICIT_RETAIN_SELF = YES;
				CLANG_WARN_OBJC_LITERAL_CONVERSION = YES;
				CLANG_WARN_OBJC_ROOT_CLASS = YES_ERROR;
				CLANG_WARN_RANGE_LOOP_ANALYSIS = YES;
				CLANG_WARN_STRICT_PROTOTYPES = YES;
				CLANG_WARN_SUSPICIOUS_MOVE = YES;
				CLANG_WARN_UNGUARDED_AVAILABILITY = YES_AGGRESSIVE;
				CLANG_WARN_UNREACHABLE_CODE = YES;
				CLANG_WARN__DUPLICATE_METHOD_MATCH = YES;
				CODE_SIGN_IDENTITY = "iPhone Developer";
				COPY_PHASE_STRIP = NO;
				DEBUG_INFORMATION_FORMAT = "dwarf-with-dsym";
				ENABLE_NS_ASSERTIONS = NO;
				ENABLE_STRICT_OBJC_MSGSEND = YES;
				GCC_C_LANGUAGE_STANDARD = gnu11;
				GCC_NO_COMMON_BLOCKS = YES;
				GCC_WARN_64_TO_32_BIT_CONVERSION = YES;
				GCC_WARN_ABOUT_RETURN_TYPE = YES_ERROR;
				GCC_WARN_UNDECLARED_SELECTOR = YES;
				GCC_WARN_UNINITIALIZED_AUTOS = YES_AGGRESSIVE;
				GCC_WARN_UNUSED_FUNCTION = YES;
				GCC_WARN_UNUSED_VARIABLE = YES;
				IPHONEOS_DEPLOYMENT_TARGET = 11.4;
				MTL_ENABLE_DEBUG_INFO = NO;
				SDKROOT = iphoneos;
				SWIFT_COMPILATION_MODE = wholemodule;
				SWIFT_OPTIMIZATION_LEVEL = "-O";
				VALIDATE_PRODUCT = YES;
			};
			name = Release;
		};
		DA1D5E592142670900D7E787 /* Debug */ = {
			isa = XCBuildConfiguration;
			baseConfigurationReference = 77BAE4AE3026F6697A2F2479 /* Pods-Furgoneta.debug.xcconfig */;
			buildSettings = {
				ASSETCATALOG_COMPILER_APPICON_NAME = AppIcon;
				CODE_SIGN_ENTITLEMENTS = Furgoneta/Furgoneta.entitlements;
				CODE_SIGN_IDENTITY = "iPhone Developer";
				CODE_SIGN_STYLE = Automatic;
				DEVELOPMENT_TEAM = X6GR79EC7E;
				INFOPLIST_FILE = Furgoneta/Info.plist;
				LD_RUNPATH_SEARCH_PATHS = (
					"$(inherited)",
					"@executable_path/Frameworks",
				);
				PRODUCT_BUNDLE_IDENTIFIER = ro.duoline.furgoneta;
				PRODUCT_NAME = "$(TARGET_NAME)";
				PROVISIONING_PROFILE_SPECIFIER = "";
				SWIFT_VERSION = 4.2;
				TARGETED_DEVICE_FAMILY = "1,2";
			};
			name = Debug;
		};
		DA1D5E5A2142670900D7E787 /* Release */ = {
			isa = XCBuildConfiguration;
			baseConfigurationReference = C3A188A1BE9C91142AE97FBB /* Pods-Furgoneta.release.xcconfig */;
			buildSettings = {
				ASSETCATALOG_COMPILER_APPICON_NAME = AppIcon;
				CODE_SIGN_ENTITLEMENTS = Furgoneta/Furgoneta.entitlements;
				CODE_SIGN_IDENTITY = "iPhone Developer";
				CODE_SIGN_STYLE = Automatic;
				DEVELOPMENT_TEAM = X6GR79EC7E;
				INFOPLIST_FILE = Furgoneta/Info.plist;
				LD_RUNPATH_SEARCH_PATHS = (
					"$(inherited)",
					"@executable_path/Frameworks",
				);
				PRODUCT_BUNDLE_IDENTIFIER = ro.duoline.furgoneta;
				PRODUCT_NAME = "$(TARGET_NAME)";
				PROVISIONING_PROFILE_SPECIFIER = "";
				SWIFT_VERSION = 4.2;
				TARGETED_DEVICE_FAMILY = "1,2";
			};
			name = Release;
		};
		DA1D5E5C2142670900D7E787 /* Debug */ = {
			isa = XCBuildConfiguration;
			baseConfigurationReference = 493B34AD24ACCB3C0B3C7546 /* Pods-FurgonetaTests.debug.xcconfig */;
			buildSettings = {
				ALWAYS_EMBED_SWIFT_STANDARD_LIBRARIES = YES;
				BUNDLE_LOADER = "$(TEST_HOST)";
				CODE_SIGN_STYLE = Automatic;
				DEVELOPMENT_TEAM = 85TX4DE8AK;
				INFOPLIST_FILE = FurgonetaTests/Info.plist;
				LD_RUNPATH_SEARCH_PATHS = (
					"$(inherited)",
					"@executable_path/Frameworks",
					"@loader_path/Frameworks",
				);
				PRODUCT_BUNDLE_IDENTIFIER = ro.duoline.FurgonetaTests;
				PRODUCT_NAME = "$(TARGET_NAME)";
				SWIFT_VERSION = 4.2;
				TARGETED_DEVICE_FAMILY = "1,2";
				TEST_HOST = "$(BUILT_PRODUCTS_DIR)/Furgoneta.app/Furgoneta";
			};
			name = Debug;
		};
		DA1D5E5D2142670900D7E787 /* Release */ = {
			isa = XCBuildConfiguration;
			baseConfigurationReference = 94B0E301C37BDD03FA67AEB5 /* Pods-FurgonetaTests.release.xcconfig */;
			buildSettings = {
				ALWAYS_EMBED_SWIFT_STANDARD_LIBRARIES = YES;
				BUNDLE_LOADER = "$(TEST_HOST)";
				CODE_SIGN_STYLE = Automatic;
				DEVELOPMENT_TEAM = 85TX4DE8AK;
				INFOPLIST_FILE = FurgonetaTests/Info.plist;
				LD_RUNPATH_SEARCH_PATHS = (
					"$(inherited)",
					"@executable_path/Frameworks",
					"@loader_path/Frameworks",
				);
				PRODUCT_BUNDLE_IDENTIFIER = ro.duoline.FurgonetaTests;
				PRODUCT_NAME = "$(TARGET_NAME)";
				SWIFT_VERSION = 4.2;
				TARGETED_DEVICE_FAMILY = "1,2";
				TEST_HOST = "$(BUILT_PRODUCTS_DIR)/Furgoneta.app/Furgoneta";
			};
			name = Release;
		};
		DA1D5E5F2142670900D7E787 /* Debug */ = {
			isa = XCBuildConfiguration;
			baseConfigurationReference = 8A4DC4CF294A4F8C69563351 /* Pods-FurgonetaUITests.debug.xcconfig */;
			buildSettings = {
				ALWAYS_EMBED_SWIFT_STANDARD_LIBRARIES = YES;
				CODE_SIGN_STYLE = Automatic;
				DEVELOPMENT_TEAM = 85TX4DE8AK;
				INFOPLIST_FILE = FurgonetaUITests/Info.plist;
				LD_RUNPATH_SEARCH_PATHS = (
					"$(inherited)",
					"@executable_path/Frameworks",
					"@loader_path/Frameworks",
				);
				PRODUCT_BUNDLE_IDENTIFIER = ro.duoline.FurgonetaUITests;
				PRODUCT_NAME = "$(TARGET_NAME)";
				SWIFT_VERSION = 4.2;
				TARGETED_DEVICE_FAMILY = "1,2";
				TEST_TARGET_NAME = Furgoneta;
			};
			name = Debug;
		};
		DA1D5E602142670900D7E787 /* Release */ = {
			isa = XCBuildConfiguration;
			baseConfigurationReference = FDCC79CDD677E9C5DE23365C /* Pods-FurgonetaUITests.release.xcconfig */;
			buildSettings = {
				ALWAYS_EMBED_SWIFT_STANDARD_LIBRARIES = YES;
				CODE_SIGN_STYLE = Automatic;
				DEVELOPMENT_TEAM = 85TX4DE8AK;
				INFOPLIST_FILE = FurgonetaUITests/Info.plist;
				LD_RUNPATH_SEARCH_PATHS = (
					"$(inherited)",
					"@executable_path/Frameworks",
					"@loader_path/Frameworks",
				);
				PRODUCT_BUNDLE_IDENTIFIER = ro.duoline.FurgonetaUITests;
				PRODUCT_NAME = "$(TARGET_NAME)";
				SWIFT_VERSION = 4.2;
				TARGETED_DEVICE_FAMILY = "1,2";
				TEST_TARGET_NAME = Furgoneta;
			};
			name = Release;
		};
/* End XCBuildConfiguration section */

/* Begin XCConfigurationList section */
		DA1D5E2B2142670700D7E787 /* Build configuration list for PBXProject "Furgoneta" */ = {
			isa = XCConfigurationList;
			buildConfigurations = (
				DA1D5E562142670900D7E787 /* Debug */,
				DA1D5E572142670900D7E787 /* Release */,
			);
			defaultConfigurationIsVisible = 0;
			defaultConfigurationName = Release;
		};
		DA1D5E582142670900D7E787 /* Build configuration list for PBXNativeTarget "Furgoneta" */ = {
			isa = XCConfigurationList;
			buildConfigurations = (
				DA1D5E592142670900D7E787 /* Debug */,
				DA1D5E5A2142670900D7E787 /* Release */,
			);
			defaultConfigurationIsVisible = 0;
			defaultConfigurationName = Release;
		};
		DA1D5E5B2142670900D7E787 /* Build configuration list for PBXNativeTarget "FurgonetaTests" */ = {
			isa = XCConfigurationList;
			buildConfigurations = (
				DA1D5E5C2142670900D7E787 /* Debug */,
				DA1D5E5D2142670900D7E787 /* Release */,
			);
			defaultConfigurationIsVisible = 0;
			defaultConfigurationName = Release;
		};
		DA1D5E5E2142670900D7E787 /* Build configuration list for PBXNativeTarget "FurgonetaUITests" */ = {
			isa = XCConfigurationList;
			buildConfigurations = (
				DA1D5E5F2142670900D7E787 /* Debug */,
				DA1D5E602142670900D7E787 /* Release */,
			);
			defaultConfigurationIsVisible = 0;
			defaultConfigurationName = Release;
		};
/* End XCConfigurationList section */
	};
	rootObject = DA1D5E282142670700D7E787 /* Project object */;
}
